
Microsoft Visual Studio Solution File, Format Version 12.00
# Visual Studio Version 17
VisualStudioVersion = 17.11.35327.3
MinimumVisualStudioVersion = 10.0.40219.1
Project("{FAE04EC0-301F-11D3-BF4B-00C04F79EFBC}") = "AdventOfCode2024", "AdventOfCode2024\AdventOfCode2024.csproj", "{DBC291E8-6A89-43C1-B2DF-95C4D44DE10C}"
EndProject
Global
	GlobalSection(SolutionConfigurationPlatforms) = preSolution
		Debug|Any CPU = Debug|Any CPU
		Release|Any CPU = Release|Any CPU
	EndGlobalSection
	GlobalSection(ProjectConfigurationPlatforms) = postSolution
		{DBC291E8-6A89-43C1-B2DF-95C4D44DE10C}.Debug|Any CPU.ActiveCfg = Debug|Any CPU
		{DBC291E8-6A89-43C1-B2DF-95C4D44DE10C}.Debug|Any CPU.Build.0 = Debug|Any CPU
		{DBC291E8-6A89-43C1-B2DF-95C4D44DE10C}.Release|Any CPU.ActiveCfg = Release|Any CPU
		{DBC291E8-6A89-43C1-B2DF-95C4D44DE10C}.Release|Any CPU.Build.0 = Release|Any CPU
	EndGlobalSection
	GlobalSection(SolutionProperties) = preSolution
		HideSolutionNode = FALSE
	EndGlobalSection
	GlobalSection(ExtensibilityGlobals) = postSolution
		SolutionGuid = {2EDD2C2A-1756-4A7E-8FF0-3DF7C5CD744E}
	EndGlobalSection
EndGlobal
